# This file is autogenerated, do not edit; changes may be undone by the next 'dep ensure'.


[[projects]]
  name = "github.com/garyburd/redigo"
  packages = ["internal","redis"]
  revision = "433969511232c397de61b1442f9fd49ec06ae9ba"
  version = "v1.1.0"

[[projects]]
  name = "github.com/go-sql-driver/mysql"
  packages = ["."]
  revision = "a0583e0143b1624142adab07e0e97fe106d99561"
  version = "v1.3"

[[projects]]
  name = "github.com/pkg/errors"
  packages = ["."]
  revision = "645ef00459ed84a119197bfb8d8205042c6df63d"
  version = "v0.8.0"

[[projects]]
  name = "github.com/satori/go.uuid"
  packages = ["."]
  revision = "879c5887cd475cd7864858769793b2ceb0d44feb"
  version = "v1.1.0"

[[projects]]
  branch = "master"
  name = "github.com/takashabe/go-fixture"
  packages = [".","mysql"]
  revision = "b49815f9e2d103367791be3eade174a4f7b20460"

[[projects]]
  branch = "master"
  name = "github.com/takashabe/go-metrics"
  packages = ["collect","forward"]
  revision = "ef674649cbe10b674451bc7db8da6a00448b1833"

[[projects]]
  branch = "master"
  name = "github.com/takashabe/go-router"
  packages = ["."]
  revision = "51eb62e3acb5ef5b1831667ba06cb0c9ae8c7c8e"

[[projects]]
  branch = "v2"
  name = "gopkg.in/yaml.v2"
  packages = ["."]
  revision = "eb3733d160e74a9c7e442f435eb3bea458e1d19f"

[solve-meta]
  analyzer-name = "dep"
  analyzer-version = 1
  inputs-digest = "5d3e8e0be558133924fa5c8a89aef1f814513c0db71171eb8ee3975145994140"
  solver-name = "gps-cdcl"
  solver-version = 1
