# This file is autogenerated, do not edit; changes may be undone by the next 'dep ensure'.


[[projects]]
  name = "github.com/garyburd/redigo"
  packages = ["internal","redis"]
  revision = "34a326de1fea52965fa5ad664d3fc7163dd4b0a1"
  version = "v1.2.0"

[[projects]]
  name = "github.com/go-sql-driver/mysql"
  packages = ["."]
  revision = "a0583e0143b1624142adab07e0e97fe106d99561"
  version = "v1.3"

[[projects]]
  name = "github.com/pkg/errors"
  packages = ["."]
  revision = "645ef00459ed84a119197bfb8d8205042c6df63d"
  version = "v0.8.0"

[[projects]]
  name = "github.com/satori/go.uuid"
  packages = ["."]
  revision = "879c5887cd475cd7864858769793b2ceb0d44feb"
  version = "v1.1.0"

[[projects]]
  branch = "master"
  name = "github.com/takashabe/go-fixture"
  packages = [".","mysql"]
  revision = "93344fe2ab78d906f0f2d65d3c0098113d03d040"

[[projects]]
  branch = "master"
  name = "github.com/takashabe/go-metrics"
  packages = ["collect","forward"]
  revision = "2a80f4dcf10c7b4f9acb4d721577ed4ffb06d0a3"

[[projects]]
  branch = "master"
  name = "github.com/takashabe/go-router"
  packages = ["."]
  revision = "07733195ff252cd6efcbe9071cd9d6458ff47b74"

[[projects]]
  branch = "v2"
  name = "gopkg.in/yaml.v2"
  packages = ["."]
  revision = "eb3733d160e74a9c7e442f435eb3bea458e1d19f"

[solve-meta]
  analyzer-name = "dep"
  analyzer-version = 1
  inputs-digest = "5d3e8e0be558133924fa5c8a89aef1f814513c0db71171eb8ee3975145994140"
  solver-name = "gps-cdcl"
  solver-version = 1
