# This file is autogenerated, do not edit; changes may be undone by the next 'dep ensure'.


[[projects]]
  name = "github.com/garyburd/redigo"
  packages = ["internal","redis"]
  revision = "433969511232c397de61b1442f9fd49ec06ae9ba"
  version = "v1.1.0"

[[projects]]
  name = "github.com/go-sql-driver/mysql"
  packages = ["."]
  revision = "a0583e0143b1624142adab07e0e97fe106d99561"
  version = "v1.3"

[[projects]]
  name = "github.com/pkg/errors"
  packages = ["."]
  revision = "645ef00459ed84a119197bfb8d8205042c6df63d"
  version = "v0.8.0"

[[projects]]
  name = "github.com/satori/go.uuid"
  packages = ["."]
  revision = "879c5887cd475cd7864858769793b2ceb0d44feb"
  version = "v1.1.0"

[[projects]]
  branch = "master"
  name = "github.com/takashabe/go-fixture"
  packages = [".","mysql"]
  revision = "2a199f8685ccc6111c1cfa6d11c95286c706b718"

[[projects]]
  branch = "master"
  name = "github.com/takashabe/go-metrics"
  packages = ["collect","forward"]
  revision = "ba0c785c8bd8ca6b9620d0c34a8a555221c3c492"

[[projects]]
  branch = "master"
  name = "github.com/takashabe/go-router"
  packages = ["."]
  revision = "51eb62e3acb5ef5b1831667ba06cb0c9ae8c7c8e"

[[projects]]
  branch = "v2"
  name = "gopkg.in/yaml.v2"
  packages = ["."]
  revision = "25c4ec802a7d637f88d584ab26798e94ad14c13b"

[solve-meta]
  analyzer-name = "dep"
  analyzer-version = 1
  inputs-digest = "5d3e8e0be558133924fa5c8a89aef1f814513c0db71171eb8ee3975145994140"
  solver-name = "gps-cdcl"
  solver-version = 1
